
Microsoft Visual Studio Solution File, Format Version 12.00
# Visual Studio Version 17
VisualStudioVersion = 17.0.32014.148
MinimumVisualStudioVersion = 10.0.40219.1
Project("{9A19103F-16F7-4668-BE54-9A1E7A4F7556}") = "FirstProject", "FirstProject\FirstProject.csproj", "{4AB264CB-5EBE-4E21-BD54-27EEE1165BA1}"
EndProject
Project("{9A19103F-16F7-4668-BE54-9A1E7A4F7556}") = "Variables", "Variables\Variables.csproj", "{34A6111B-AF79-47D1-B237-3CB95C314108}"
EndProject
Project("{9A19103F-16F7-4668-BE54-9A1E7A4F7556}") = "Methods", "Methods\Methods.csproj", "{46B327CE-B65B-42FE-AB25-A61BE4D62C11}"
EndProject
Project("{9A19103F-16F7-4668-BE54-9A1E7A4F7556}") = "ClassUsageBasic", "ClassUsageBasic\ClassUsageBasic.csproj", "{D5C954FF-12AB-4F58-A302-8152EC8468A3}"
EndProject
Project("{FAE04EC0-301F-11D3-BF4B-00C04F79EFBC}") = "Example01_ClassObjectInstance", "Example01\Example01_ClassObjectInstance.csproj", "{7E1F146C-D1B0-43F8-A645-0BF74BA33F03}"
EndProject
Project("{FAE04EC0-301F-11D3-BF4B-00C04F79EFBC}") = "Statement_If", "Statement_If\Statement_If.csproj", "{B505432D-37B6-408C-87C3-406BC30B6A68}"
EndProject
Project("{FAE04EC0-301F-11D3-BF4B-00C04F79EFBC}") = "Operators", "Operators\Operators.csproj", "{EFEDC985-9110-4E5C-9009-340EA5BFC6DC}"
EndProject
Project("{FAE04EC0-301F-11D3-BF4B-00C04F79EFBC}") = "Array", "Array\Array.csproj", "{3365A1BA-419C-408D-ACFA-27CE9422277C}"
EndProject
Project("{FAE04EC0-301F-11D3-BF4B-00C04F79EFBC}") = "Array2Dimension", "Array2Dimension\Array2Dimension.csproj", "{32593847-D10D-47A5-A679-4855E8EE0894}"
EndProject
Project("{FAE04EC0-301F-11D3-BF4B-00C04F79EFBC}") = "Statement_Loops", "Statement_Loops\Statement_Loops.csproj", "{91BF4966-9172-4720-8B87-4F1DE83021BE}"
EndProject
Global
	GlobalSection(SolutionConfigurationPlatforms) = preSolution
		Debug|Any CPU = Debug|Any CPU
		Release|Any CPU = Release|Any CPU
	EndGlobalSection
	GlobalSection(ProjectConfigurationPlatforms) = postSolution
		{4AB264CB-5EBE-4E21-BD54-27EEE1165BA1}.Debug|Any CPU.ActiveCfg = Debug|Any CPU
		{4AB264CB-5EBE-4E21-BD54-27EEE1165BA1}.Debug|Any CPU.Build.0 = Debug|Any CPU
		{4AB264CB-5EBE-4E21-BD54-27EEE1165BA1}.Release|Any CPU.ActiveCfg = Release|Any CPU
		{4AB264CB-5EBE-4E21-BD54-27EEE1165BA1}.Release|Any CPU.Build.0 = Release|Any CPU
		{34A6111B-AF79-47D1-B237-3CB95C314108}.Debug|Any CPU.ActiveCfg = Debug|Any CPU
		{34A6111B-AF79-47D1-B237-3CB95C314108}.Debug|Any CPU.Build.0 = Debug|Any CPU
		{34A6111B-AF79-47D1-B237-3CB95C314108}.Release|Any CPU.ActiveCfg = Release|Any CPU
		{34A6111B-AF79-47D1-B237-3CB95C314108}.Release|Any CPU.Build.0 = Release|Any CPU
		{46B327CE-B65B-42FE-AB25-A61BE4D62C11}.Debug|Any CPU.ActiveCfg = Debug|Any CPU
		{46B327CE-B65B-42FE-AB25-A61BE4D62C11}.Debug|Any CPU.Build.0 = Debug|Any CPU
		{46B327CE-B65B-42FE-AB25-A61BE4D62C11}.Release|Any CPU.ActiveCfg = Release|Any CPU
		{46B327CE-B65B-42FE-AB25-A61BE4D62C11}.Release|Any CPU.Build.0 = Release|Any CPU
		{D5C954FF-12AB-4F58-A302-8152EC8468A3}.Debug|Any CPU.ActiveCfg = Debug|Any CPU
		{D5C954FF-12AB-4F58-A302-8152EC8468A3}.Debug|Any CPU.Build.0 = Debug|Any CPU
		{D5C954FF-12AB-4F58-A302-8152EC8468A3}.Release|Any CPU.ActiveCfg = Release|Any CPU
		{D5C954FF-12AB-4F58-A302-8152EC8468A3}.Release|Any CPU.Build.0 = Release|Any CPU
		{7E1F146C-D1B0-43F8-A645-0BF74BA33F03}.Debug|Any CPU.ActiveCfg = Debug|Any CPU
		{7E1F146C-D1B0-43F8-A645-0BF74BA33F03}.Debug|Any CPU.Build.0 = Debug|Any CPU
		{7E1F146C-D1B0-43F8-A645-0BF74BA33F03}.Release|Any CPU.ActiveCfg = Release|Any CPU
		{7E1F146C-D1B0-43F8-A645-0BF74BA33F03}.Release|Any CPU.Build.0 = Release|Any CPU
		{B505432D-37B6-408C-87C3-406BC30B6A68}.Debug|Any CPU.ActiveCfg = Debug|Any CPU
		{B505432D-37B6-408C-87C3-406BC30B6A68}.Debug|Any CPU.Build.0 = Debug|Any CPU
		{B505432D-37B6-408C-87C3-406BC30B6A68}.Release|Any CPU.ActiveCfg = Release|Any CPU
		{B505432D-37B6-408C-87C3-406BC30B6A68}.Release|Any CPU.Build.0 = Release|Any CPU
		{EFEDC985-9110-4E5C-9009-340EA5BFC6DC}.Debug|Any CPU.ActiveCfg = Debug|Any CPU
		{EFEDC985-9110-4E5C-9009-340EA5BFC6DC}.Debug|Any CPU.Build.0 = Debug|Any CPU
		{EFEDC985-9110-4E5C-9009-340EA5BFC6DC}.Release|Any CPU.ActiveCfg = Release|Any CPU
		{EFEDC985-9110-4E5C-9009-340EA5BFC6DC}.Release|Any CPU.Build.0 = Release|Any CPU
		{3365A1BA-419C-408D-ACFA-27CE9422277C}.Debug|Any CPU.ActiveCfg = Debug|Any CPU
		{3365A1BA-419C-408D-ACFA-27CE9422277C}.Debug|Any CPU.Build.0 = Debug|Any CPU
		{3365A1BA-419C-408D-ACFA-27CE9422277C}.Release|Any CPU.ActiveCfg = Release|Any CPU
		{3365A1BA-419C-408D-ACFA-27CE9422277C}.Release|Any CPU.Build.0 = Release|Any CPU
		{32593847-D10D-47A5-A679-4855E8EE0894}.Debug|Any CPU.ActiveCfg = Debug|Any CPU
		{32593847-D10D-47A5-A679-4855E8EE0894}.Debug|Any CPU.Build.0 = Debug|Any CPU
		{32593847-D10D-47A5-A679-4855E8EE0894}.Release|Any CPU.ActiveCfg = Release|Any CPU
		{32593847-D10D-47A5-A679-4855E8EE0894}.Release|Any CPU.Build.0 = Release|Any CPU
		{91BF4966-9172-4720-8B87-4F1DE83021BE}.Debug|Any CPU.ActiveCfg = Debug|Any CPU
		{91BF4966-9172-4720-8B87-4F1DE83021BE}.Debug|Any CPU.Build.0 = Debug|Any CPU
		{91BF4966-9172-4720-8B87-4F1DE83021BE}.Release|Any CPU.ActiveCfg = Release|Any CPU
		{91BF4966-9172-4720-8B87-4F1DE83021BE}.Release|Any CPU.Build.0 = Release|Any CPU
	EndGlobalSection
	GlobalSection(SolutionProperties) = preSolution
		HideSolutionNode = FALSE
	EndGlobalSection
	GlobalSection(ExtensibilityGlobals) = postSolution
		SolutionGuid = {9E8B89C3-A4E5-49E0-B998-3F218AC4414F}
	EndGlobalSection
EndGlobal
